
Microsoft Visual Studio Solution File, Format Version 12.00
# Visual Studio Version 17
VisualStudioVersion = 17.5.33502.453
MinimumVisualStudioVersion = 10.0.40219.1
Project("{FAE04EC0-301F-11D3-BF4B-00C04F79EFBC}") = "TestingFrameworksComparison", "TestingFrameworksComparison\TestingFrameworksComparison.csproj", "{D4E0ACAE-8D18-4B25-B0AE-5FCFAE38F15D}"
EndProject
Global
	GlobalSection(SolutionConfigurationPlatforms) = preSolution
		Debug|Any CPU = Debug|Any CPU
		Release|Any CPU = Release|Any CPU
	EndGlobalSection
	GlobalSection(ProjectConfigurationPlatforms) = postSolution
		{D4E0ACAE-8D18-4B25-B0AE-5FCFAE38F15D}.Debug|Any CPU.ActiveCfg = Debug|Any CPU
		{D4E0ACAE-8D18-4B25-B0AE-5FCFAE38F15D}.Debug|Any CPU.Build.0 = Debug|Any CPU
		{D4E0ACAE-8D18-4B25-B0AE-5FCFAE38F15D}.Release|Any CPU.ActiveCfg = Release|Any CPU
		{D4E0ACAE-8D18-4B25-B0AE-5FCFAE38F15D}.Release|Any CPU.Build.0 = Release|Any CPU
	EndGlobalSection
	GlobalSection(SolutionProperties) = preSolution
		HideSolutionNode = FALSE
	EndGlobalSection
	GlobalSection(ExtensibilityGlobals) = postSolution
		SolutionGuid = {66A6864B-DA27-46CB-AEEF-F872CC78F063}
	EndGlobalSection
EndGlobal
